
Microsoft Visual Studio Solution File, Format Version 12.00
Project("{FAE04EC0-301F-11D3-BF4B-00C04F79EFBC}") = "Account", "Services\Account\Account.API\Account.API.csproj", "{BAA18C5B-9DA8-49FD-92EA-7EA109DF92AB}"
EndProject
Global
	GlobalSection(SolutionConfigurationPlatforms) = preSolution
		Debug|Any CPU = Debug|Any CPU
		Release|Any CPU = Release|Any CPU
	EndGlobalSection
	GlobalSection(ProjectConfigurationPlatforms) = postSolution
		{BAA18C5B-9DA8-49FD-92EA-7EA109DF92AB}.Debug|Any CPU.ActiveCfg = Debug|Any CPU
		{BAA18C5B-9DA8-49FD-92EA-7EA109DF92AB}.Debug|Any CPU.Build.0 = Debug|Any CPU
		{BAA18C5B-9DA8-49FD-92EA-7EA109DF92AB}.Release|Any CPU.ActiveCfg = Release|Any CPU
		{BAA18C5B-9DA8-49FD-92EA-7EA109DF92AB}.Release|Any CPU.Build.0 = Release|Any CPU
	EndGlobalSection
EndGlobal
